// !$*UTF8*$!
{
	archiveVersion = 1;
	classes = {
	};
	objectVersion = 46;
	objects = {

/* Begin PBXBuildFile section */
		F994864C15A4B080001969E8 /* SwarmDrawView.m in Sources */ = {isa = PBXBuildFile; fileRef = F994864915A4B080001969E8 /* SwarmDrawView.m */; };
		F994864D15A4B080001969E8 /* SwarmViewController.m in Sources */ = {isa = PBXBuildFile; fileRef = F994864B15A4B080001969E8 /* SwarmViewController.m */; };
		F9FFFC1A159E36830011760F /* UIKit.framework in Frameworks */ = {isa = PBXBuildFile; fileRef = F9FFFC19159E36830011760F /* UIKit.framework */; };
		F9FFFC1C159E36830011760F /* Foundation.framework in Frameworks */ = {isa = PBXBuildFile; fileRef = F9FFFC1B159E36830011760F /* Foundation.framework */; };
		F9FFFC1E159E36830011760F /* CoreGraphics.framework in Frameworks */ = {isa = PBXBuildFile; fileRef = F9FFFC1D159E36830011760F /* CoreGraphics.framework */; };
		F9FFFC24159E36840011760F /* InfoPlist.strings in Resources */ = {isa = PBXBuildFile; fileRef = F9FFFC22159E36840011760F /* InfoPlist.strings */; };
		F9FFFC26159E36840011760F /* main.m in Sources */ = {isa = PBXBuildFile; fileRef = F9FFFC25159E36840011760F /* main.m */; };
		F9FFFC32159E36BE0011760F /* BindleAppDelegate.m in Sources */ = {isa = PBXBuildFile; fileRef = F9FFFC31159E36BE0011760F /* BindleAppDelegate.m */; };
		F9FFFC3B159E36D10011760F /* Default.png in Resources */ = {isa = PBXBuildFile; fileRef = F9FFFC33159E36D10011760F /* Default.png */; };
		F9FFFC3C159E36D10011760F /* DiscussViewController.m in Sources */ = {isa = PBXBuildFile; fileRef = F9FFFC35159E36D10011760F /* DiscussViewController.m */; };
		F9FFFC3D159E36D10011760F /* iPhone_AppIcon_57x57.png in Resources */ = {isa = PBXBuildFile; fileRef = F9FFFC36159E36D10011760F /* iPhone_AppIcon_57x57.png */; };
		F9FFFC3E159E36D10011760F /* PollViewController.m in Sources */ = {isa = PBXBuildFile; fileRef = F9FFFC38159E36D10011760F /* PollViewController.m */; };
		F9FFFC3F159E36D10011760F /* PollViewController.xib in Resources */ = {isa = PBXBuildFile; fileRef = F9FFFC39159E36D10011760F /* PollViewController.xib */; };
		F9FFFC40159E36D10011760F /* SandDunes1_960x640.png in Resources */ = {isa = PBXBuildFile; fileRef = F9FFFC3A159E36D10011760F /* SandDunes1_960x640.png */; };
		F9FFFC48159E36E70011760F /* CloudViewController.m in Sources */ = {isa = PBXBuildFile; fileRef = F9FFFC42159E36E70011760F /* CloudViewController.m */; };
		F9FFFC49159E36E70011760F /* CloudViewController.xib in Resources */ = {isa = PBXBuildFile; fileRef = F9FFFC43159E36E70011760F /* CloudViewController.xib */; };
		F9FFFC4A159E36E70011760F /* DiscussViewController.xib in Resources */ = {isa = PBXBuildFile; fileRef = F9FFFC44159E36E70011760F /* DiscussViewController.xib */; };
		F9FFFC4B159E36E70011760F /* LoginViewController.m in Sources */ = {isa = PBXBuildFile; fileRef = F9FFFC46159E36E70011760F /* LoginViewController.m */; };
		F9FFFC4C159E36E70011760F /* LoginViewController.xib in Resources */ = {isa = PBXBuildFile; fileRef = F9FFFC47159E36E70011760F /* LoginViewController.xib */; };
		F9FFFC53159E37410011760F /* NGlobals.m in Sources */ = {isa = PBXBuildFile; fileRef = F9FFFC4E159E37410011760F /* NGlobals.m */; };
		F9FFFC54159E37410011760F /* NGrain.m in Sources */ = {isa = PBXBuildFile; fileRef = F9FFFC50159E37410011760F /* NGrain.m */; };
		F9FFFC55159E37410011760F /* NSand.m in Sources */ = {isa = PBXBuildFile; fileRef = F9FFFC52159E37410011760F /* NSand.m */; };
/* End PBXBuildFile section */

/* Begin PBXFileReference section */
		F95B3BB015A2203E00C8450E /* BindleAppDelegate.h */ = {isa = PBXFileReference; fileEncoding = 4; lastKnownFileType = sourcecode.c.h; path = BindleAppDelegate.h; sourceTree = "<group>"; };
		F9616FA915B9C439007BA941 /* NAppIDMain.h */ = {isa = PBXFileReference; fileEncoding = 4; lastKnownFileType = sourcecode.c.h; name = NAppIDMain.h; path = ../../ClassLib/NAppIDMain.h; sourceTree = "<group>"; };
		F9616FAA15B9C439007BA941 /* NCommandMain.h */ = {isa = PBXFileReference; fileEncoding = 4; lastKnownFileType = sourcecode.c.h; name = NCommandMain.h; path = ../../ClassLib/NCommandMain.h; sourceTree = "<group>"; };
		F994864815A4B07F001969E8 /* SwarmDrawView.h */ = {isa = PBXFileReference; fileEncoding = 4; lastKnownFileType = sourcecode.c.h; path = SwarmDrawView.h; sourceTree = "<group>"; };
		F994864915A4B080001969E8 /* SwarmDrawView.m */ = {isa = PBXFileReference; fileEncoding = 4; lastKnownFileType = sourcecode.c.objc; path = SwarmDrawView.m; sourceTree = "<group>"; };
		F994864A15A4B080001969E8 /* SwarmViewController.h */ = {isa = PBXFileReference; fileEncoding = 4; lastKnownFileType = sourcecode.c.h; path = SwarmViewController.h; sourceTree = "<group>"; };
		F994864B15A4B080001969E8 /* SwarmViewController.m */ = {isa = PBXFileReference; fileEncoding = 4; lastKnownFileType = sourcecode.c.objc; path = SwarmViewController.m; sourceTree = "<group>"; };
		F9FFFC15159E36830011760F /* NOMADS_Bindle.app */ = {isa = PBXFileReference; explicitFileType = wrapper.application; includeInIndex = 0; path = NOMADS_Bindle.app; sourceTree = BUILT_PRODUCTS_DIR; };
		F9FFFC19159E36830011760F /* UIKit.framework */ = {isa = PBXFileReference; lastKnownFileType = wrapper.framework; name = UIKit.framework; path = System/Library/Frameworks/UIKit.framework; sourceTree = SDKROOT; };
		F9FFFC1B159E36830011760F /* Foundation.framework */ = {isa = PBXFileReference; lastKnownFileType = wrapper.framework; name = Foundation.framework; path = System/Library/Frameworks/Foundation.framework; sourceTree = SDKROOT; };
		F9FFFC1D159E36830011760F /* CoreGraphics.framework */ = {isa = PBXFileReference; lastKnownFileType = wrapper.framework; name = CoreGraphics.framework; path = System/Library/Frameworks/CoreGraphics.framework; sourceTree = SDKROOT; };
		F9FFFC21159E36840011760F /* NOMADS_Bindle-Info.plist */ = {isa = PBXFileReference; lastKnownFileType = text.plist.xml; path = "NOMADS_Bindle-Info.plist"; sourceTree = "<group>"; };
		F9FFFC23159E36840011760F /* en */ = {isa = PBXFileReference; lastKnownFileType = text.plist.strings; name = en; path = en.lproj/InfoPlist.strings; sourceTree = "<group>"; };
		F9FFFC25159E36840011760F /* main.m */ = {isa = PBXFileReference; lastKnownFileType = sourcecode.c.objc; path = main.m; sourceTree = "<group>"; };
		F9FFFC27159E36840011760F /* NOMADS_Bindle-Prefix.pch */ = {isa = PBXFileReference; lastKnownFileType = sourcecode.c.h; path = "NOMADS_Bindle-Prefix.pch"; sourceTree = "<group>"; };
		F9FFFC31159E36BE0011760F /* BindleAppDelegate.m */ = {isa = PBXFileReference; fileEncoding = 4; lastKnownFileType = sourcecode.c.objc; path = BindleAppDelegate.m; sourceTree = "<group>"; };
		F9FFFC33159E36D10011760F /* Default.png */ = {isa = PBXFileReference; lastKnownFileType = image.png; path = Default.png; sourceTree = "<group>"; };
		F9FFFC34159E36D10011760F /* DiscussViewController.h */ = {isa = PBXFileReference; fileEncoding = 4; lastKnownFileType = sourcecode.c.h; path = DiscussViewController.h; sourceTree = "<group>"; };
		F9FFFC35159E36D10011760F /* DiscussViewController.m */ = {isa = PBXFileReference; fileEncoding = 4; lastKnownFileType = sourcecode.c.objc; path = DiscussViewController.m; sourceTree = "<group>"; };
		F9FFFC36159E36D10011760F /* iPhone_AppIcon_57x57.png */ = {isa = PBXFileReference; lastKnownFileType = image.png; path = iPhone_AppIcon_57x57.png; sourceTree = "<group>"; };
		F9FFFC37159E36D10011760F /* PollViewController.h */ = {isa = PBXFileReference; fileEncoding = 4; lastKnownFileType = sourcecode.c.h; path = PollViewController.h; sourceTree = "<group>"; };
		F9FFFC38159E36D10011760F /* PollViewController.m */ = {isa = PBXFileReference; fileEncoding = 4; lastKnownFileType = sourcecode.c.objc; path = PollViewController.m; sourceTree = "<group>"; };
		F9FFFC39159E36D10011760F /* PollViewController.xib */ = {isa = PBXFileReference; fileEncoding = 4; lastKnownFileType = file.xib; path = PollViewController.xib; sourceTree = "<group>"; };
		F9FFFC3A159E36D10011760F /* SandDunes1_960x640.png */ = {isa = PBXFileReference; lastKnownFileType = image.png; path = SandDunes1_960x640.png; sourceTree = "<group>"; };
		F9FFFC41159E36E70011760F /* CloudViewController.h */ = {isa = PBXFileReference; fileEncoding = 4; lastKnownFileType = sourcecode.c.h; path = CloudViewController.h; sourceTree = "<group>"; };
		F9FFFC42159E36E70011760F /* CloudViewController.m */ = {isa = PBXFileReference; fileEncoding = 4; lastKnownFileType = sourcecode.c.objc; path = CloudViewController.m; sourceTree = "<group>"; };
		F9FFFC43159E36E70011760F /* CloudViewController.xib */ = {isa = PBXFileReference; fileEncoding = 4; lastKnownFileType = file.xib; path = CloudViewController.xib; sourceTree = "<group>"; };
		F9FFFC44159E36E70011760F /* DiscussViewController.xib */ = {isa = PBXFileReference; fileEncoding = 4; lastKnownFileType = file.xib; path = DiscussViewController.xib; sourceTree = "<group>"; };
		F9FFFC45159E36E70011760F /* LoginViewController.h */ = {isa = PBXFileReference; fileEncoding = 4; lastKnownFileType = sourcecode.c.h; path = LoginViewController.h; sourceTree = "<group>"; };
		F9FFFC46159E36E70011760F /* LoginViewController.m */ = {isa = PBXFileReference; fileEncoding = 4; lastKnownFileType = sourcecode.c.objc; path = LoginViewController.m; sourceTree = "<group>"; };
		F9FFFC47159E36E70011760F /* LoginViewController.xib */ = {isa = PBXFileReference; fileEncoding = 4; lastKnownFileType = file.xib; path = LoginViewController.xib; sourceTree = "<group>"; };
		F9FFFC4D159E37410011760F /* NGlobals.h */ = {isa = PBXFileReference; fileEncoding = 4; lastKnownFileType = sourcecode.c.h; name = NGlobals.h; path = ../../ClassLib/NGlobals.h; sourceTree = "<group>"; };
		F9FFFC4E159E37410011760F /* NGlobals.m */ = {isa = PBXFileReference; fileEncoding = 4; lastKnownFileType = sourcecode.c.objc; name = NGlobals.m; path = ../../ClassLib/NGlobals.m; sourceTree = "<group>"; };
		F9FFFC4F159E37410011760F /* NGrain.h */ = {isa = PBXFileReference; fileEncoding = 4; lastKnownFileType = sourcecode.c.h; name = NGrain.h; path = ../../ClassLib/NGrain.h; sourceTree = "<group>"; };
		F9FFFC50159E37410011760F /* NGrain.m */ = {isa = PBXFileReference; fileEncoding = 4; lastKnownFileType = sourcecode.c.objc; name = NGrain.m; path = ../../ClassLib/NGrain.m; sourceTree = "<group>"; };
		F9FFFC51159E37410011760F /* NSand.h */ = {isa = PBXFileReference; fileEncoding = 4; lastKnownFileType = sourcecode.c.h; name = NSand.h; path = ../../ClassLib/NSand.h; sourceTree = "<group>"; };
		F9FFFC52159E37410011760F /* NSand.m */ = {isa = PBXFileReference; fileEncoding = 4; lastKnownFileType = sourcecode.c.objc; name = NSand.m; path = ../../ClassLib/NSand.m; sourceTree = "<group>"; };
/* End PBXFileReference section */

/* Begin PBXFrameworksBuildPhase section */
		F9FFFC12159E36830011760F /* Frameworks */ = {
			isa = PBXFrameworksBuildPhase;
			buildActionMask = 2147483647;
			files = (
				F9FFFC1A159E36830011760F /* UIKit.framework in Frameworks */,
				F9FFFC1C159E36830011760F /* Foundation.framework in Frameworks */,
				F9FFFC1E159E36830011760F /* CoreGraphics.framework in Frameworks */,
			);
			runOnlyForDeploymentPostprocessing = 0;
		};
/* End PBXFrameworksBuildPhase section */

/* Begin PBXGroup section */
		F9FFFC0A159E36830011760F = {
			isa = PBXGroup;
			children = (
				F9FFFC1F159E36840011760F /* NOMADS_Bindle */,
				F9FFFC18159E36830011760F /* Frameworks */,
				F9FFFC16159E36830011760F /* Products */,
			);
			sourceTree = "<group>";
		};
		F9FFFC16159E36830011760F /* Products */ = {
			isa = PBXGroup;
			children = (
				F9FFFC15159E36830011760F /* NOMADS_Bindle.app */,
			);
			name = Products;
			sourceTree = "<group>";
		};
		F9FFFC18159E36830011760F /* Frameworks */ = {
			isa = PBXGroup;
			children = (
				F9FFFC19159E36830011760F /* UIKit.framework */,
				F9FFFC1B159E36830011760F /* Foundation.framework */,
				F9FFFC1D159E36830011760F /* CoreGraphics.framework */,
			);
			name = Frameworks;
			sourceTree = "<group>";
		};
		F9FFFC1F159E36840011760F /* NOMADS_Bindle */ = {
			isa = PBXGroup;
			children = (
				F9616FA915B9C439007BA941 /* NAppIDMain.h */,
				F9616FAA15B9C439007BA941 /* NCommandMain.h */,
				F9FFFC4D159E37410011760F /* NGlobals.h */,
				F9FFFC4E159E37410011760F /* NGlobals.m */,
				F9FFFC4F159E37410011760F /* NGrain.h */,
				F9FFFC50159E37410011760F /* NGrain.m */,
				F9FFFC51159E37410011760F /* NSand.h */,
				F9FFFC52159E37410011760F /* NSand.m */,
				F994864815A4B07F001969E8 /* SwarmDrawView.h */,
				F994864915A4B080001969E8 /* SwarmDrawView.m */,
				F994864A15A4B080001969E8 /* SwarmViewController.h */,
				F994864B15A4B080001969E8 /* SwarmViewController.m */,
				F9FFFC41159E36E70011760F /* CloudViewController.h */,
				F9FFFC42159E36E70011760F /* CloudViewController.m */,
				F9FFFC43159E36E70011760F /* CloudViewController.xib */,
				F9FFFC44159E36E70011760F /* DiscussViewController.xib */,
				F9FFFC45159E36E70011760F /* LoginViewController.h */,
				F9FFFC46159E36E70011760F /* LoginViewController.m */,
				F9FFFC47159E36E70011760F /* LoginViewController.xib */,
				F9FFFC33159E36D10011760F /* Default.png */,
				F9FFFC34159E36D10011760F /* DiscussViewController.h */,
				F9FFFC35159E36D10011760F /* DiscussViewController.m */,
				F9FFFC36159E36D10011760F /* iPhone_AppIcon_57x57.png */,
				F9FFFC37159E36D10011760F /* PollViewController.h */,
				F9FFFC38159E36D10011760F /* PollViewController.m */,
				F9FFFC39159E36D10011760F /* PollViewController.xib */,
				F9FFFC3A159E36D10011760F /* SandDunes1_960x640.png */,
				F95B3BB015A2203E00C8450E /* BindleAppDelegate.h */,
				F9FFFC31159E36BE0011760F /* BindleAppDelegate.m */,
				F9FFFC20159E36840011760F /* Supporting Files */,
			);
			path = NOMADS_Bindle;
			sourceTree = "<group>";
		};
		F9FFFC20159E36840011760F /* Supporting Files */ = {
			isa = PBXGroup;
			children = (
				F9FFFC21159E36840011760F /* NOMADS_Bindle-Info.plist */,
				F9FFFC22159E36840011760F /* InfoPlist.strings */,
				F9FFFC25159E36840011760F /* main.m */,
				F9FFFC27159E36840011760F /* NOMADS_Bindle-Prefix.pch */,
			);
			name = "Supporting Files";
			sourceTree = "<group>";
		};
/* End PBXGroup section */

/* Begin PBXNativeTarget section */
		F9FFFC14159E36830011760F /* NOMADS_Bindle */ = {
			isa = PBXNativeTarget;
			buildConfigurationList = F9FFFC2D159E36840011760F /* Build configuration list for PBXNativeTarget "NOMADS_Bindle" */;
			buildPhases = (
				F9FFFC11159E36830011760F /* Sources */,
				F9FFFC12159E36830011760F /* Frameworks */,
				F9FFFC13159E36830011760F /* Resources */,
			);
			buildRules = (
			);
			dependencies = (
			);
			name = NOMADS_Bindle;
			productName = NOMADS_Bindle;
			productReference = F9FFFC15159E36830011760F /* NOMADS_Bindle.app */;
			productType = "com.apple.product-type.application";
		};
/* End PBXNativeTarget section */

/* Begin PBXProject section */
		F9FFFC0C159E36830011760F /* Project object */ = {
			isa = PBXProject;
			attributes = {
				CLASSPREFIX = NOMADS_Bindle;
				LastUpgradeCheck = 0430;
			};
			buildConfigurationList = F9FFFC0F159E36830011760F /* Build configuration list for PBXProject "NOMADS_Bindle" */;
			compatibilityVersion = "Xcode 3.2";
			developmentRegion = English;
			hasScannedForEncodings = 0;
			knownRegions = (
				en,
			);
			mainGroup = F9FFFC0A159E36830011760F;
			productRefGroup = F9FFFC16159E36830011760F /* Products */;
			projectDirPath = "";
			projectRoot = "";
			targets = (
				F9FFFC14159E36830011760F /* NOMADS_Bindle */,
			);
		};
/* End PBXProject section */

/* Begin PBXResourcesBuildPhase section */
		F9FFFC13159E36830011760F /* Resources */ = {
			isa = PBXResourcesBuildPhase;
			buildActionMask = 2147483647;
			files = (
				F9FFFC24159E36840011760F /* InfoPlist.strings in Resources */,
				F9FFFC3B159E36D10011760F /* Default.png in Resources */,
				F9FFFC3D159E36D10011760F /* iPhone_AppIcon_57x57.png in Resources */,
				F9FFFC3F159E36D10011760F /* PollViewController.xib in Resources */,
				F9FFFC40159E36D10011760F /* SandDunes1_960x640.png in Resources */,
				F9FFFC49159E36E70011760F /* CloudViewController.xib in Resources */,
				F9FFFC4A159E36E70011760F /* DiscussViewController.xib in Resources */,
				F9FFFC4C159E36E70011760F /* LoginViewController.xib in Resources */,
			);
			runOnlyForDeploymentPostprocessing = 0;
		};
/* End PBXResourcesBuildPhase section */

/* Begin PBXSourcesBuildPhase section */
		F9FFFC11159E36830011760F /* Sources */ = {
			isa = PBXSourcesBuildPhase;
			buildActionMask = 2147483647;
			files = (
				F9FFFC26159E36840011760F /* main.m in Sources */,
				F9FFFC32159E36BE0011760F /* BindleAppDelegate.m in Sources */,
				F9FFFC3C159E36D10011760F /* DiscussViewController.m in Sources */,
				F9FFFC3E159E36D10011760F /* PollViewController.m in Sources */,
				F9FFFC48159E36E70011760F /* CloudViewController.m in Sources */,
				F9FFFC4B159E36E70011760F /* LoginViewController.m in Sources */,
				F9FFFC53159E37410011760F /* NGlobals.m in Sources */,
				F9FFFC54159E37410011760F /* NGrain.m in Sources */,
				F9FFFC55159E37410011760F /* NSand.m in Sources */,
				F994864C15A4B080001969E8 /* SwarmDrawView.m in Sources */,
				F994864D15A4B080001969E8 /* SwarmViewController.m in Sources */,
			);
			runOnlyForDeploymentPostprocessing = 0;
		};
/* End PBXSourcesBuildPhase section */

/* Begin PBXVariantGroup section */
		F9FFFC22159E36840011760F /* InfoPlist.strings */ = {
			isa = PBXVariantGroup;
			children = (
				F9FFFC23159E36840011760F /* en */,
			);
			name = InfoPlist.strings;
			sourceTree = "<group>";
		};
/* End PBXVariantGroup section */

/* Begin XCBuildConfiguration section */
		F9FFFC2B159E36840011760F /* Debug */ = {
			isa = XCBuildConfiguration;
			buildSettings = {
				ALWAYS_SEARCH_USER_PATHS = NO;
				ARCHS = "$(ARCHS_STANDARD_32_BIT)";
				CLANG_ENABLE_OBJC_ARC = YES;
				"CODE_SIGN_IDENTITY[sdk=iphoneos*]" = "iPhone Developer";
				COPY_PHASE_STRIP = NO;
				GCC_C_LANGUAGE_STANDARD = gnu99;
				GCC_DYNAMIC_NO_PIC = NO;
				GCC_OPTIMIZATION_LEVEL = 0;
				GCC_PREPROCESSOR_DEFINITIONS = (
					"DEBUG=1",
					"$(inherited)",
				);
				GCC_SYMBOLS_PRIVATE_EXTERN = NO;
				GCC_VERSION = com.apple.compilers.llvm.clang.1_0;
				GCC_WARN_ABOUT_RETURN_TYPE = YES;
				GCC_WARN_UNINITIALIZED_AUTOS = YES;
				GCC_WARN_UNUSED_VARIABLE = YES;
				IPHONEOS_DEPLOYMENT_TARGET = 5.1;
				SDKROOT = iphoneos;
			};
			name = Debug;
		};
		F9FFFC2C159E36840011760F /* Release */ = {
			isa = XCBuildConfiguration;
			buildSettings = {
				ALWAYS_SEARCH_USER_PATHS = NO;
				ARCHS = "$(ARCHS_STANDARD_32_BIT)";
				CLANG_ENABLE_OBJC_ARC = YES;
				"CODE_SIGN_IDENTITY[sdk=iphoneos*]" = "iPhone Developer";
				COPY_PHASE_STRIP = YES;
				GCC_C_LANGUAGE_STANDARD = gnu99;
				GCC_VERSION = com.apple.compilers.llvm.clang.1_0;
				GCC_WARN_ABOUT_RETURN_TYPE = YES;
				GCC_WARN_UNINITIALIZED_AUTOS = YES;
				GCC_WARN_UNUSED_VARIABLE = YES;
				IPHONEOS_DEPLOYMENT_TARGET = 5.1;
				OTHER_CFLAGS = "-DNS_BLOCK_ASSERTIONS=1";
				SDKROOT = iphoneos;
				VALIDATE_PRODUCT = YES;
			};
			name = Release;
		};
		F9FFFC2E159E36840011760F /* Debug */ = {
			isa = XCBuildConfiguration;
			buildSettings = {
				GCC_PRECOMPILE_PREFIX_HEADER = YES;
				GCC_PREFIX_HEADER = "NOMADS_Bindle/NOMADS_Bindle-Prefix.pch";
				INFOPLIST_FILE = "NOMADS_Bindle/NOMADS_Bindle-Info.plist";
				PRODUCT_NAME = "$(TARGET_NAME)";
				WRAPPER_EXTENSION = app;
			};
			name = Debug;
		};
		F9FFFC2F159E36840011760F /* Release */ = {
			isa = XCBuildConfiguration;
			buildSettings = {
				GCC_PRECOMPILE_PREFIX_HEADER = YES;
				GCC_PREFIX_HEADER = "NOMADS_Bindle/NOMADS_Bindle-Prefix.pch";
				INFOPLIST_FILE = "NOMADS_Bindle/NOMADS_Bindle-Info.plist";
				PRODUCT_NAME = "$(TARGET_NAME)";
				WRAPPER_EXTENSION = app;
			};
			name = Release;
		};
/* End XCBuildConfiguration section */

/* Begin XCConfigurationList section */
		F9FFFC0F159E36830011760F /* Build configuration list for PBXProject "NOMADS_Bindle" */ = {
			isa = XCConfigurationList;
			buildConfigurations = (
				F9FFFC2B159E36840011760F /* Debug */,
				F9FFFC2C159E36840011760F /* Release */,
			);
			defaultConfigurationIsVisible = 0;
			defaultConfigurationName = Release;
		};
		F9FFFC2D159E36840011760F /* Build configuration list for PBXNativeTarget "NOMADS_Bindle" */ = {
			isa = XCConfigurationList;
			buildConfigurations = (
				F9FFFC2E159E36840011760F /* Debug */,
				F9FFFC2F159E36840011760F /* Release */,
			);
			defaultConfigurationIsVisible = 0;
			defaultConfigurationName = Release;
		};
/* End XCConfigurationList section */
	};
	rootObject = F9FFFC0C159E36830011760F /* Project object */;
}
