// !$*UTF8*$!
{
	archiveVersion = 1;
	classes = {
	};
	objectVersion = 46;
	objects = {

/* Begin PBXBuildFile section */
		0B990EF915C48EFB0019798A /* misc_discuss.png in Resources */ = {isa = PBXBuildFile; fileRef = 0B990EF315C48EFB0019798A /* misc_discuss.png */; };
		0B990EFA15C48EFB0019798A /* new_cog.png in Resources */ = {isa = PBXBuildFile; fileRef = 0B990EF415C48EFB0019798A /* new_cog.png */; };
		0B990EFB15C48EFB0019798A /* old_cloud.png in Resources */ = {isa = PBXBuildFile; fileRef = 0B990EF515C48EFB0019798A /* old_cloud.png */; };
		0B990EFC15C48EFB0019798A /* old_cog.png in Resources */ = {isa = PBXBuildFile; fileRef = 0B990EF615C48EFB0019798A /* old_cog.png */; };
		0B990EFD15C48EFB0019798A /* old_cog2.png in Resources */ = {isa = PBXBuildFile; fileRef = 0B990EF715C48EFB0019798A /* old_cog2.png */; };
		0BBB630015C4A377006CFEAB /* blue_ice_bg_320_480.png in Resources */ = {isa = PBXBuildFile; fileRef = 0BBB62FF15C4A377006CFEAB /* blue_ice_bg_320_480.png */; };
		0BBB630315C4B069006CFEAB /* chat_30_30.png in Resources */ = {isa = PBXBuildFile; fileRef = 0BBB630115C4B069006CFEAB /* chat_30_30.png */; };
		0BBB630415C4B069006CFEAB /* cloud_30_30.png in Resources */ = {isa = PBXBuildFile; fileRef = 0BBB630215C4B069006CFEAB /* cloud_30_30.png */; };
		F9139F1C15C1B5330093FA29 /* AVFoundation.framework in Frameworks */ = {isa = PBXBuildFile; fileRef = F9139F1B15C1B5330093FA29 /* AVFoundation.framework */; };
		F9139F1E15C1B5D10093FA29 /* sounds in Resources */ = {isa = PBXBuildFile; fileRef = F9139F1D15C1B5D10093FA29 /* sounds */; };
		F91C77B815B70D0200C71BB1 /* UIKit.framework in Frameworks */ = {isa = PBXBuildFile; fileRef = F91C77B715B70D0200C71BB1 /* UIKit.framework */; };
		F91C77BA15B70D0200C71BB1 /* Foundation.framework in Frameworks */ = {isa = PBXBuildFile; fileRef = F91C77B915B70D0200C71BB1 /* Foundation.framework */; };
		F91C77BC15B70D0200C71BB1 /* CoreGraphics.framework in Frameworks */ = {isa = PBXBuildFile; fileRef = F91C77BB15B70D0200C71BB1 /* CoreGraphics.framework */; };
		F91C77D715B70D4F00C71BB1 /* BindleAppDelegate.m in Sources */ = {isa = PBXBuildFile; fileRef = F91C77CF15B70D4F00C71BB1 /* BindleAppDelegate.m */; };
		F91C77DA15B70D5000C71BB1 /* Default.png in Resources */ = {isa = PBXBuildFile; fileRef = F91C77D315B70D4F00C71BB1 /* Default.png */; };
		F91C77E115B70DCC00C71BB1 /* iPhone_AppIcon_57x57.png in Resources */ = {isa = PBXBuildFile; fileRef = F91C77DD15B70DCC00C71BB1 /* iPhone_AppIcon_57x57.png */; };
		F91C77F615B70DD900C71BB1 /* SandDunes1_960x640.png in Resources */ = {isa = PBXBuildFile; fileRef = F91C77EC15B70DD900C71BB1 /* SandDunes1_960x640.png */; };
		F91C77F715B70DD900C71BB1 /* SwarmDrawView.m in Sources */ = {isa = PBXBuildFile; fileRef = F91C77EE15B70DD900C71BB1 /* SwarmDrawView.m */; };
		F91C77FF15B70E1500C71BB1 /* NGlobals.m in Sources */ = {isa = PBXBuildFile; fileRef = F91C77FA15B70E1500C71BB1 /* NGlobals.m */; };
		F91C780015B70E1500C71BB1 /* NGrain.m in Sources */ = {isa = PBXBuildFile; fileRef = F91C77FC15B70E1500C71BB1 /* NGrain.m */; };
		F91C780115B70E1500C71BB1 /* NSand.m in Sources */ = {isa = PBXBuildFile; fileRef = F91C77FE15B70E1500C71BB1 /* NSand.m */; };
		F91C780315B70E3200C71BB1 /* main.m in Sources */ = {isa = PBXBuildFile; fileRef = F91C780215B70E3200C71BB1 /* main.m */; };
		F91C781915B72A6A00C71BB1 /* AukViewController.m in Sources */ = {isa = PBXBuildFile; fileRef = F91C781715B72A6A00C71BB1 /* AukViewController.m */; };
		F91C781A15B72A6A00C71BB1 /* AukViewController.xib in Resources */ = {isa = PBXBuildFile; fileRef = F91C781815B72A6A00C71BB1 /* AukViewController.xib */; };
		F9824CEB15CADD24004E86FD /* SystemConfiguration.framework in Frameworks */ = {isa = PBXBuildFile; fileRef = F9824CE815CADD08004E86FD /* SystemConfiguration.framework */; };
		F9DCBBE515CC6CDC00E32F03 /* auklogo_57.png in Resources */ = {isa = PBXBuildFile; fileRef = F9DCBBE315CC6C6D00E32F03 /* auklogo_57.png */; };
		F9F2526F15CC231400A975FA /* Reachability.m in Sources */ = {isa = PBXBuildFile; fileRef = F9F2526E15CC231400A975FA /* Reachability.m */; };
/* End PBXBuildFile section */

/* Begin PBXFileReference section */
		0B990EF315C48EFB0019798A /* misc_discuss.png */ = {isa = PBXFileReference; lastKnownFileType = image.png; path = misc_discuss.png; sourceTree = "<group>"; };
		0B990EF415C48EFB0019798A /* new_cog.png */ = {isa = PBXFileReference; lastKnownFileType = image.png; path = new_cog.png; sourceTree = "<group>"; };
		0B990EF515C48EFB0019798A /* old_cloud.png */ = {isa = PBXFileReference; lastKnownFileType = image.png; path = old_cloud.png; sourceTree = "<group>"; };
		0B990EF615C48EFB0019798A /* old_cog.png */ = {isa = PBXFileReference; lastKnownFileType = image.png; path = old_cog.png; sourceTree = "<group>"; };
		0B990EF715C48EFB0019798A /* old_cog2.png */ = {isa = PBXFileReference; lastKnownFileType = image.png; path = old_cog2.png; sourceTree = "<group>"; };
		0BBB62FF15C4A377006CFEAB /* blue_ice_bg_320_480.png */ = {isa = PBXFileReference; lastKnownFileType = image.png; path = blue_ice_bg_320_480.png; sourceTree = "<group>"; };
		0BBB630115C4B069006CFEAB /* chat_30_30.png */ = {isa = PBXFileReference; lastKnownFileType = image.png; path = chat_30_30.png; sourceTree = SOURCE_ROOT; };
		0BBB630215C4B069006CFEAB /* cloud_30_30.png */ = {isa = PBXFileReference; lastKnownFileType = image.png; path = cloud_30_30.png; sourceTree = SOURCE_ROOT; };
		F9139F1B15C1B5330093FA29 /* AVFoundation.framework */ = {isa = PBXFileReference; lastKnownFileType = wrapper.framework; name = AVFoundation.framework; path = System/Library/Frameworks/AVFoundation.framework; sourceTree = SDKROOT; };
		F9139F1D15C1B5D10093FA29 /* sounds */ = {isa = PBXFileReference; lastKnownFileType = folder; name = sounds; path = NOMADS_Bindle_Auk/sounds; sourceTree = "<group>"; };
		F91C77B315B70D0200C71BB1 /* NOMADS_Bindle_Auk.app */ = {isa = PBXFileReference; explicitFileType = wrapper.application; includeInIndex = 0; path = NOMADS_Bindle_Auk.app; sourceTree = BUILT_PRODUCTS_DIR; };
		F91C77B715B70D0200C71BB1 /* UIKit.framework */ = {isa = PBXFileReference; lastKnownFileType = wrapper.framework; name = UIKit.framework; path = System/Library/Frameworks/UIKit.framework; sourceTree = SDKROOT; };
		F91C77B915B70D0200C71BB1 /* Foundation.framework */ = {isa = PBXFileReference; lastKnownFileType = wrapper.framework; name = Foundation.framework; path = System/Library/Frameworks/Foundation.framework; sourceTree = SDKROOT; };
		F91C77BB15B70D0200C71BB1 /* CoreGraphics.framework */ = {isa = PBXFileReference; lastKnownFileType = wrapper.framework; name = CoreGraphics.framework; path = System/Library/Frameworks/CoreGraphics.framework; sourceTree = SDKROOT; };
		F91C77CE15B70D4F00C71BB1 /* BindleAppDelegate.h */ = {isa = PBXFileReference; fileEncoding = 4; lastKnownFileType = sourcecode.c.h; path = BindleAppDelegate.h; sourceTree = "<group>"; };
		F91C77CF15B70D4F00C71BB1 /* BindleAppDelegate.m */ = {isa = PBXFileReference; fileEncoding = 4; lastKnownFileType = sourcecode.c.objc; path = BindleAppDelegate.m; sourceTree = "<group>"; };
		F91C77D315B70D4F00C71BB1 /* Default.png */ = {isa = PBXFileReference; lastKnownFileType = image.png; path = Default.png; sourceTree = "<group>"; };
		F91C77DD15B70DCC00C71BB1 /* iPhone_AppIcon_57x57.png */ = {isa = PBXFileReference; lastKnownFileType = image.png; path = iPhone_AppIcon_57x57.png; sourceTree = "<group>"; };
		F91C77E515B70DD900C71BB1 /* NOMADS_Bindle_Auk-Info.plist */ = {isa = PBXFileReference; fileEncoding = 4; lastKnownFileType = text.plist.xml; path = "NOMADS_Bindle_Auk-Info.plist"; sourceTree = "<group>"; };
		F91C77E615B70DD900C71BB1 /* NOMADS_Bindle_Auk-Prefix.pch */ = {isa = PBXFileReference; fileEncoding = 4; lastKnownFileType = sourcecode.c.h; path = "NOMADS_Bindle_Auk-Prefix.pch"; sourceTree = "<group>"; };
		F91C77EC15B70DD900C71BB1 /* SandDunes1_960x640.png */ = {isa = PBXFileReference; lastKnownFileType = image.png; path = SandDunes1_960x640.png; sourceTree = "<group>"; };
		F91C77ED15B70DD900C71BB1 /* SwarmDrawView.h */ = {isa = PBXFileReference; fileEncoding = 4; lastKnownFileType = sourcecode.c.h; path = SwarmDrawView.h; sourceTree = "<group>"; };
		F91C77EE15B70DD900C71BB1 /* SwarmDrawView.m */ = {isa = PBXFileReference; fileEncoding = 4; lastKnownFileType = sourcecode.c.objc; path = SwarmDrawView.m; sourceTree = "<group>"; };
		F91C77F915B70E1500C71BB1 /* NGlobals.h */ = {isa = PBXFileReference; fileEncoding = 4; lastKnownFileType = sourcecode.c.h; name = NGlobals.h; path = ../../ClassLib/NGlobals.h; sourceTree = "<group>"; };
		F91C77FA15B70E1500C71BB1 /* NGlobals.m */ = {isa = PBXFileReference; fileEncoding = 4; lastKnownFileType = sourcecode.c.objc; name = NGlobals.m; path = ../../ClassLib/NGlobals.m; sourceTree = "<group>"; };
		F91C77FB15B70E1500C71BB1 /* NGrain.h */ = {isa = PBXFileReference; fileEncoding = 4; lastKnownFileType = sourcecode.c.h; name = NGrain.h; path = ../../ClassLib/NGrain.h; sourceTree = "<group>"; };
		F91C77FC15B70E1500C71BB1 /* NGrain.m */ = {isa = PBXFileReference; fileEncoding = 4; lastKnownFileType = sourcecode.c.objc; name = NGrain.m; path = ../../ClassLib/NGrain.m; sourceTree = "<group>"; };
		F91C77FD15B70E1500C71BB1 /* NSand.h */ = {isa = PBXFileReference; fileEncoding = 4; lastKnownFileType = sourcecode.c.h; name = NSand.h; path = ../../ClassLib/NSand.h; sourceTree = "<group>"; };
		F91C77FE15B70E1500C71BB1 /* NSand.m */ = {isa = PBXFileReference; fileEncoding = 4; lastKnownFileType = sourcecode.c.objc; name = NSand.m; path = ../../ClassLib/NSand.m; sourceTree = "<group>"; };
		F91C780215B70E3200C71BB1 /* main.m */ = {isa = PBXFileReference; fileEncoding = 4; lastKnownFileType = sourcecode.c.objc; path = main.m; sourceTree = "<group>"; };
		F91C780415B70E8300C71BB1 /* iPhone_AppIcon_57x57.png */ = {isa = PBXFileReference; lastKnownFileType = image.png; path = iPhone_AppIcon_57x57.png; sourceTree = "<group>"; };
		F91C781615B72A6A00C71BB1 /* AukViewController.h */ = {isa = PBXFileReference; fileEncoding = 4; lastKnownFileType = sourcecode.c.h; path = AukViewController.h; sourceTree = "<group>"; };
		F91C781715B72A6A00C71BB1 /* AukViewController.m */ = {isa = PBXFileReference; fileEncoding = 4; lastKnownFileType = sourcecode.c.objc; path = AukViewController.m; sourceTree = "<group>"; };
		F91C781815B72A6A00C71BB1 /* AukViewController.xib */ = {isa = PBXFileReference; fileEncoding = 4; lastKnownFileType = file.xib; path = AukViewController.xib; sourceTree = "<group>"; };
		F9616FA315B9C264007BA941 /* NAppIDAuk.h */ = {isa = PBXFileReference; fileEncoding = 4; lastKnownFileType = sourcecode.c.h; name = NAppIDAuk.h; path = ../../ClassLib/NAppIDAuk.h; sourceTree = "<group>"; };
		F9616FA415B9C264007BA941 /* NCommandAuk.h */ = {isa = PBXFileReference; fileEncoding = 4; lastKnownFileType = sourcecode.c.h; name = NCommandAuk.h; path = ../../ClassLib/NCommandAuk.h; sourceTree = "<group>"; };
		F9824CE815CADD08004E86FD /* SystemConfiguration.framework */ = {isa = PBXFileReference; lastKnownFileType = wrapper.framework; name = SystemConfiguration.framework; path = System/Library/Frameworks/SystemConfiguration.framework; sourceTree = SDKROOT; };
		F9DCBBE315CC6C6D00E32F03 /* auklogo_57.png */ = {isa = PBXFileReference; lastKnownFileType = image.png; path = auklogo_57.png; sourceTree = "<group>"; };
		F9F2526D15CC231400A975FA /* Reachability.h */ = {isa = PBXFileReference; fileEncoding = 4; lastKnownFileType = sourcecode.c.h; path = Reachability.h; sourceTree = "<group>"; };
		F9F2526E15CC231400A975FA /* Reachability.m */ = {isa = PBXFileReference; fileEncoding = 4; lastKnownFileType = sourcecode.c.objc; path = Reachability.m; sourceTree = "<group>"; };
/* End PBXFileReference section */

/* Begin PBXFrameworksBuildPhase section */
		F91C77B015B70D0200C71BB1 /* Frameworks */ = {
			isa = PBXFrameworksBuildPhase;
			buildActionMask = 2147483647;
			files = (
				F9824CEB15CADD24004E86FD /* SystemConfiguration.framework in Frameworks */,
				F9139F1C15C1B5330093FA29 /* AVFoundation.framework in Frameworks */,
				F91C77B815B70D0200C71BB1 /* UIKit.framework in Frameworks */,
				F91C77BA15B70D0200C71BB1 /* Foundation.framework in Frameworks */,
				F91C77BC15B70D0200C71BB1 /* CoreGraphics.framework in Frameworks */,
			);
			runOnlyForDeploymentPostprocessing = 0;
		};
/* End PBXFrameworksBuildPhase section */

/* Begin PBXGroup section */
		F91C77A815B70D0100C71BB1 = {
			isa = PBXGroup;
			children = (
				F9DCBBE315CC6C6D00E32F03 /* auklogo_57.png */,
				0BBB62FF15C4A377006CFEAB /* blue_ice_bg_320_480.png */,
				F9139F1D15C1B5D10093FA29 /* sounds */,
				0B990EF315C48EFB0019798A /* misc_discuss.png */,
				0BBB630215C4B069006CFEAB /* cloud_30_30.png */,
				0BBB630115C4B069006CFEAB /* chat_30_30.png */,
				0B990EF415C48EFB0019798A /* new_cog.png */,
				0B990EF515C48EFB0019798A /* old_cloud.png */,
				0B990EF615C48EFB0019798A /* old_cog.png */,
				0B990EF715C48EFB0019798A /* old_cog2.png */,
				F91C780415B70E8300C71BB1 /* iPhone_AppIcon_57x57.png */,
				F91C77BD15B70D0200C71BB1 /* NOMADS_Bindle_Auk */,
				F91C77B615B70D0200C71BB1 /* Frameworks */,
				F91C77B415B70D0200C71BB1 /* Products */,
			);
			sourceTree = "<group>";
		};
		F91C77B415B70D0200C71BB1 /* Products */ = {
			isa = PBXGroup;
			children = (
				F91C77B315B70D0200C71BB1 /* NOMADS_Bindle_Auk.app */,
			);
			name = Products;
			sourceTree = "<group>";
		};
		F91C77B615B70D0200C71BB1 /* Frameworks */ = {
			isa = PBXGroup;
			children = (
				F9824CE815CADD08004E86FD /* SystemConfiguration.framework */,
				F9139F1B15C1B5330093FA29 /* AVFoundation.framework */,
				F91C77B715B70D0200C71BB1 /* UIKit.framework */,
				F91C77B915B70D0200C71BB1 /* Foundation.framework */,
				F91C77BB15B70D0200C71BB1 /* CoreGraphics.framework */,
			);
			name = Frameworks;
			sourceTree = "<group>";
		};
		F91C77BD15B70D0200C71BB1 /* NOMADS_Bindle_Auk */ = {
			isa = PBXGroup;
			children = (
				F9F2526D15CC231400A975FA /* Reachability.h */,
				F9F2526E15CC231400A975FA /* Reachability.m */,
				F9616FA315B9C264007BA941 /* NAppIDAuk.h */,
				F9616FA415B9C264007BA941 /* NCommandAuk.h */,
				F91C780215B70E3200C71BB1 /* main.m */,
				F91C77F915B70E1500C71BB1 /* NGlobals.h */,
				F91C77FA15B70E1500C71BB1 /* NGlobals.m */,
				F91C77FB15B70E1500C71BB1 /* NGrain.h */,
				F91C77FC15B70E1500C71BB1 /* NGrain.m */,
				F91C77FD15B70E1500C71BB1 /* NSand.h */,
				F91C77FE15B70E1500C71BB1 /* NSand.m */,
				F91C77E515B70DD900C71BB1 /* NOMADS_Bindle_Auk-Info.plist */,
				F91C77E615B70DD900C71BB1 /* NOMADS_Bindle_Auk-Prefix.pch */,
				F91C77EC15B70DD900C71BB1 /* SandDunes1_960x640.png */,
				F91C77ED15B70DD900C71BB1 /* SwarmDrawView.h */,
				F91C77EE15B70DD900C71BB1 /* SwarmDrawView.m */,
				F91C77DD15B70DCC00C71BB1 /* iPhone_AppIcon_57x57.png */,
				F91C77CE15B70D4F00C71BB1 /* BindleAppDelegate.h */,
				F91C77CF15B70D4F00C71BB1 /* BindleAppDelegate.m */,
				F91C77D315B70D4F00C71BB1 /* Default.png */,
				F91C781615B72A6A00C71BB1 /* AukViewController.h */,
				F91C781715B72A6A00C71BB1 /* AukViewController.m */,
				F91C781815B72A6A00C71BB1 /* AukViewController.xib */,
			);
			path = NOMADS_Bindle_Auk;
			sourceTree = "<group>";
		};
/* End PBXGroup section */

/* Begin PBXNativeTarget section */
		F91C77B215B70D0200C71BB1 /* NOMADS_Bindle_Auk */ = {
			isa = PBXNativeTarget;
			buildConfigurationList = F91C77CB15B70D0200C71BB1 /* Build configuration list for PBXNativeTarget "NOMADS_Bindle_Auk" */;
			buildPhases = (
				F91C77AF15B70D0200C71BB1 /* Sources */,
				F91C77B015B70D0200C71BB1 /* Frameworks */,
				F91C77B115B70D0200C71BB1 /* Resources */,
			);
			buildRules = (
			);
			dependencies = (
			);
			name = NOMADS_Bindle_Auk;
			productName = NOMADS_Bindle_Auk;
			productReference = F91C77B315B70D0200C71BB1 /* NOMADS_Bindle_Auk.app */;
			productType = "com.apple.product-type.application";
		};
/* End PBXNativeTarget section */

/* Begin PBXProject section */
		F91C77AA15B70D0100C71BB1 /* Project object */ = {
			isa = PBXProject;
			attributes = {
				CLASSPREFIX = NOMADS_Bindle_Auk;
				LastUpgradeCheck = 0430;
			};
			buildConfigurationList = F91C77AD15B70D0100C71BB1 /* Build configuration list for PBXProject "NOMADS_Bindle_Auk" */;
			compatibilityVersion = "Xcode 3.2";
			developmentRegion = English;
			hasScannedForEncodings = 0;
			knownRegions = (
				en,
			);
			mainGroup = F91C77A815B70D0100C71BB1;
			productRefGroup = F91C77B415B70D0200C71BB1 /* Products */;
			projectDirPath = "";
			projectRoot = "";
			targets = (
				F91C77B215B70D0200C71BB1 /* NOMADS_Bindle_Auk */,
			);
		};
/* End PBXProject section */

/* Begin PBXResourcesBuildPhase section */
		F91C77B115B70D0200C71BB1 /* Resources */ = {
			isa = PBXResourcesBuildPhase;
			buildActionMask = 2147483647;
			files = (
				F91C77DA15B70D5000C71BB1 /* Default.png in Resources */,
				F91C77E115B70DCC00C71BB1 /* iPhone_AppIcon_57x57.png in Resources */,
				F91C77F615B70DD900C71BB1 /* SandDunes1_960x640.png in Resources */,
				F91C781A15B72A6A00C71BB1 /* AukViewController.xib in Resources */,
				F9139F1E15C1B5D10093FA29 /* sounds in Resources */,
				0B990EF915C48EFB0019798A /* misc_discuss.png in Resources */,
				0B990EFA15C48EFB0019798A /* new_cog.png in Resources */,
				0B990EFB15C48EFB0019798A /* old_cloud.png in Resources */,
				0B990EFC15C48EFB0019798A /* old_cog.png in Resources */,
				0B990EFD15C48EFB0019798A /* old_cog2.png in Resources */,
				0BBB630015C4A377006CFEAB /* blue_ice_bg_320_480.png in Resources */,
				0BBB630315C4B069006CFEAB /* chat_30_30.png in Resources */,
				0BBB630415C4B069006CFEAB /* cloud_30_30.png in Resources */,
				F9DCBBE515CC6CDC00E32F03 /* auklogo_57.png in Resources */,
			);
			runOnlyForDeploymentPostprocessing = 0;
		};
/* End PBXResourcesBuildPhase section */

/* Begin PBXSourcesBuildPhase section */
		F91C77AF15B70D0200C71BB1 /* Sources */ = {
			isa = PBXSourcesBuildPhase;
			buildActionMask = 2147483647;
			files = (
				F91C77D715B70D4F00C71BB1 /* BindleAppDelegate.m in Sources */,
				F91C77F715B70DD900C71BB1 /* SwarmDrawView.m in Sources */,
				F91C77FF15B70E1500C71BB1 /* NGlobals.m in Sources */,
				F91C780015B70E1500C71BB1 /* NGrain.m in Sources */,
				F91C780115B70E1500C71BB1 /* NSand.m in Sources */,
				F91C780315B70E3200C71BB1 /* main.m in Sources */,
				F91C781915B72A6A00C71BB1 /* AukViewController.m in Sources */,
				F9F2526F15CC231400A975FA /* Reachability.m in Sources */,
			);
			runOnlyForDeploymentPostprocessing = 0;
		};
/* End PBXSourcesBuildPhase section */

/* Begin XCBuildConfiguration section */
		F91C77C915B70D0200C71BB1 /* Debug */ = {
			isa = XCBuildConfiguration;
			buildSettings = {
				ALWAYS_SEARCH_USER_PATHS = NO;
				ARCHS = "$(ARCHS_STANDARD_32_BIT)";
				CLANG_ENABLE_OBJC_ARC = YES;
				"CODE_SIGN_IDENTITY[sdk=iphoneos*]" = "iPhone Developer";
				COPY_PHASE_STRIP = NO;
				GCC_C_LANGUAGE_STANDARD = gnu99;
				GCC_DYNAMIC_NO_PIC = NO;
				GCC_OPTIMIZATION_LEVEL = 0;
				GCC_PREPROCESSOR_DEFINITIONS = (
					"DEBUG=1",
					"$(inherited)",
				);
				GCC_SYMBOLS_PRIVATE_EXTERN = NO;
				GCC_VERSION = com.apple.compilers.llvm.clang.1_0;
				GCC_WARN_ABOUT_RETURN_TYPE = YES;
				GCC_WARN_UNINITIALIZED_AUTOS = YES;
				GCC_WARN_UNUSED_VARIABLE = YES;
				IPHONEOS_DEPLOYMENT_TARGET = 5.1;
				SDKROOT = iphoneos;
			};
			name = Debug;
		};
		F91C77CA15B70D0200C71BB1 /* Release */ = {
			isa = XCBuildConfiguration;
			buildSettings = {
				ALWAYS_SEARCH_USER_PATHS = NO;
				ARCHS = "$(ARCHS_STANDARD_32_BIT)";
				CLANG_ENABLE_OBJC_ARC = YES;
				"CODE_SIGN_IDENTITY[sdk=iphoneos*]" = "iPhone Developer";
				COPY_PHASE_STRIP = YES;
				GCC_C_LANGUAGE_STANDARD = gnu99;
				GCC_VERSION = com.apple.compilers.llvm.clang.1_0;
				GCC_WARN_ABOUT_RETURN_TYPE = YES;
				GCC_WARN_UNINITIALIZED_AUTOS = YES;
				GCC_WARN_UNUSED_VARIABLE = YES;
				IPHONEOS_DEPLOYMENT_TARGET = 5.1;
				OTHER_CFLAGS = "-DNS_BLOCK_ASSERTIONS=1";
				SDKROOT = iphoneos;
				VALIDATE_PRODUCT = YES;
			};
			name = Release;
		};
		F91C77CC15B70D0200C71BB1 /* Debug */ = {
			isa = XCBuildConfiguration;
			buildSettings = {
				GCC_PRECOMPILE_PREFIX_HEADER = YES;
				GCC_PREFIX_HEADER = "NOMADS_Bindle_Auk/NOMADS_Bindle_Auk-Prefix.pch";
				INFOPLIST_FILE = "NOMADS_Bindle_Auk/NOMADS_Bindle_Auk-Info.plist";
				PRODUCT_NAME = "$(TARGET_NAME)";
				WRAPPER_EXTENSION = app;
			};
			name = Debug;
		};
		F91C77CD15B70D0200C71BB1 /* Release */ = {
			isa = XCBuildConfiguration;
			buildSettings = {
				GCC_PRECOMPILE_PREFIX_HEADER = YES;
				GCC_PREFIX_HEADER = "NOMADS_Bindle_Auk/NOMADS_Bindle_Auk-Prefix.pch";
				INFOPLIST_FILE = "NOMADS_Bindle_Auk/NOMADS_Bindle_Auk-Info.plist";
				PRODUCT_NAME = "$(TARGET_NAME)";
				WRAPPER_EXTENSION = app;
			};
			name = Release;
		};
/* End XCBuildConfiguration section */

/* Begin XCConfigurationList section */
		F91C77AD15B70D0100C71BB1 /* Build configuration list for PBXProject "NOMADS_Bindle_Auk" */ = {
			isa = XCConfigurationList;
			buildConfigurations = (
				F91C77C915B70D0200C71BB1 /* Debug */,
				F91C77CA15B70D0200C71BB1 /* Release */,
			);
			defaultConfigurationIsVisible = 0;
			defaultConfigurationName = Release;
		};
		F91C77CB15B70D0200C71BB1 /* Build configuration list for PBXNativeTarget "NOMADS_Bindle_Auk" */ = {
			isa = XCConfigurationList;
			buildConfigurations = (
				F91C77CC15B70D0200C71BB1 /* Debug */,
				F91C77CD15B70D0200C71BB1 /* Release */,
			);
			defaultConfigurationIsVisible = 0;
			defaultConfigurationName = Release;
		};
/* End XCConfigurationList section */
	};
	rootObject = F91C77AA15B70D0100C71BB1 /* Project object */;
}
